
Microsoft Visual Studio Solution File, Format Version 12.00
# Visual Studio 15
VisualStudioVersion = 15.0.28307.1145
MinimumVisualStudioVersion = 10.0.40219.1
Project("{9A19103F-16F7-4668-BE54-9A1E7A4F7556}") = "NativeInterface", "NativeInterface\NativeInterface.csproj", "{DCF2ABF6-B69C-4D0F-AE43-9FA85CECE016}"
EndProject
Global
	GlobalSection(SolutionConfigurationPlatforms) = preSolution
		Debug|Any CPU = Debug|Any CPU
		Debug|x64 = Debug|x64
		Release|Any CPU = Release|Any CPU
		Release|x64 = Release|x64
	EndGlobalSection
	GlobalSection(ProjectConfigurationPlatforms) = postSolution
		{DCF2ABF6-B69C-4D0F-AE43-9FA85CECE016}.Debug|Any CPU.ActiveCfg = Debug|Any CPU
		{DCF2ABF6-B69C-4D0F-AE43-9FA85CECE016}.Debug|Any CPU.Build.0 = Debug|Any CPU
		{DCF2ABF6-B69C-4D0F-AE43-9FA85CECE016}.Debug|x64.ActiveCfg = Debug|x64
		{DCF2ABF6-B69C-4D0F-AE43-9FA85CECE016}.Debug|x64.Build.0 = Debug|x64
		{DCF2ABF6-B69C-4D0F-AE43-9FA85CECE016}.Release|Any CPU.ActiveCfg = Release|Any CPU
		{DCF2ABF6-B69C-4D0F-AE43-9FA85CECE016}.Release|Any CPU.Build.0 = Release|Any CPU
		{DCF2ABF6-B69C-4D0F-AE43-9FA85CECE016}.Release|x64.ActiveCfg = Release|x64
		{DCF2ABF6-B69C-4D0F-AE43-9FA85CECE016}.Release|x64.Build.0 = Release|x64
	EndGlobalSection
	GlobalSection(SolutionProperties) = preSolution
		HideSolutionNode = FALSE
	EndGlobalSection
	GlobalSection(ExtensibilityGlobals) = postSolution
		SolutionGuid = {F3480310-7A85-4032-88A9-DE4E7FBA4779}
	EndGlobalSection
EndGlobal
